// !$*UTF8*$!
{
	archiveVersion = 1;
	classes = {
	};
	objectVersion = 50;
	objects = {

/* Begin PBXBuildFile section */
		466C72E420D40E58003F8380 /* AppDelegate.swift in Sources */ = {isa = PBXBuildFile; fileRef = 466C72E320D40E58003F8380 /* AppDelegate.swift */; };
		466C72E920D40E58003F8380 /* Main.storyboard in Resources */ = {isa = PBXBuildFile; fileRef = 466C72E720D40E58003F8380 /* Main.storyboard */; };
		466C72EC20D40E58003F8380 /* Documents.xcdatamodeld in Sources */ = {isa = PBXBuildFile; fileRef = 466C72EA20D40E58003F8380 /* Documents.xcdatamodeld */; };
		466C72EE20D40E5A003F8380 /* Assets.xcassets in Resources */ = {isa = PBXBuildFile; fileRef = 466C72ED20D40E5A003F8380 /* Assets.xcassets */; };
		466C72F120D40E5A003F8380 /* LaunchScreen.storyboard in Resources */ = {isa = PBXBuildFile; fileRef = 466C72EF20D40E5A003F8380 /* LaunchScreen.storyboard */; };
		466C72FC20D40E5A003F8380 /* DocumentsTests.swift in Sources */ = {isa = PBXBuildFile; fileRef = 466C72FB20D40E5A003F8380 /* DocumentsTests.swift */; };
		466C730720D40E5A003F8380 /* DocumentsUITests.swift in Sources */ = {isa = PBXBuildFile; fileRef = 466C730620D40E5A003F8380 /* DocumentsUITests.swift */; };
		466C731520D40F3B003F8380 /* DocumentViewController.swift in Sources */ = {isa = PBXBuildFile; fileRef = 466C731420D40F3B003F8380 /* DocumentViewController.swift */; };
		466C731720D4113A003F8380 /* TextViewController.swift in Sources */ = {isa = PBXBuildFile; fileRef = 466C731620D4113A003F8380 /* TextViewController.swift */; };
/* End PBXBuildFile section */

/* Begin PBXContainerItemProxy section */
		466C72F820D40E5A003F8380 /* PBXContainerItemProxy */ = {
			isa = PBXContainerItemProxy;
			containerPortal = 466C72D820D40E57003F8380 /* Project object */;
			proxyType = 1;
			remoteGlobalIDString = 466C72DF20D40E57003F8380;
			remoteInfo = Documents;
		};
		466C730320D40E5A003F8380 /* PBXContainerItemProxy */ = {
			isa = PBXContainerItemProxy;
			containerPortal = 466C72D820D40E57003F8380 /* Project object */;
			proxyType = 1;
			remoteGlobalIDString = 466C72DF20D40E57003F8380;
			remoteInfo = Documents;
		};
/* End PBXContainerItemProxy section */

/* Begin PBXFileReference section */
		466C72E020D40E57003F8380 /* Documents.app */ = {isa = PBXFileReference; explicitFileType = wrapper.application; includeInIndex = 0; path = Documents.app; sourceTree = BUILT_PRODUCTS_DIR; };
		466C72E320D40E58003F8380 /* AppDelegate.swift */ = {isa = PBXFileReference; lastKnownFileType = sourcecode.swift; path = AppDelegate.swift; sourceTree = "<group>"; };
		466C72E820D40E58003F8380 /* Base */ = {isa = PBXFileReference; lastKnownFileType = file.storyboard; name = Base; path = Base.lproj/Main.storyboard; sourceTree = "<group>"; };
		466C72EB20D40E58003F8380 /* Documents.xcdatamodel */ = {isa = PBXFileReference; lastKnownFileType = wrapper.xcdatamodel; path = Documents.xcdatamodel; sourceTree = "<group>"; };
		466C72ED20D40E5A003F8380 /* Assets.xcassets */ = {isa = PBXFileReference; lastKnownFileType = folder.assetcatalog; path = Assets.xcassets; sourceTree = "<group>"; };
		466C72F020D40E5A003F8380 /* Base */ = {isa = PBXFileReference; lastKnownFileType = file.storyboard; name = Base; path = Base.lproj/LaunchScreen.storyboard; sourceTree = "<group>"; };
		466C72F220D40E5A003F8380 /* Info.plist */ = {isa = PBXFileReference; lastKnownFileType = text.plist.xml; path = Info.plist; sourceTree = "<group>"; };
		466C72F720D40E5A003F8380 /* DocumentsTests.xctest */ = {isa = PBXFileReference; explicitFileType = wrapper.cfbundle; includeInIndex = 0; path = DocumentsTests.xctest; sourceTree = BUILT_PRODUCTS_DIR; };
		466C72FB20D40E5A003F8380 /* DocumentsTests.swift */ = {isa = PBXFileReference; lastKnownFileType = sourcecode.swift; path = DocumentsTests.swift; sourceTree = "<group>"; };
		466C72FD20D40E5A003F8380 /* Info.plist */ = {isa = PBXFileReference; lastKnownFileType = text.plist.xml; path = Info.plist; sourceTree = "<group>"; };
		466C730220D40E5A003F8380 /* DocumentsUITests.xctest */ = {isa = PBXFileReference; explicitFileType = wrapper.cfbundle; includeInIndex = 0; path = DocumentsUITests.xctest; sourceTree = BUILT_PRODUCTS_DIR; };
		466C730620D40E5A003F8380 /* DocumentsUITests.swift */ = {isa = PBXFileReference; lastKnownFileType = sourcecode.swift; path = DocumentsUITests.swift; sourceTree = "<group>"; };
		466C730820D40E5A003F8380 /* Info.plist */ = {isa = PBXFileReference; lastKnownFileType = text.plist.xml; path = Info.plist; sourceTree = "<group>"; };
		466C731420D40F3B003F8380 /* DocumentViewController.swift */ = {isa = PBXFileReference; lastKnownFileType = sourcecode.swift; path = DocumentViewController.swift; sourceTree = "<group>"; };
		466C731620D4113A003F8380 /* TextViewController.swift */ = {isa = PBXFileReference; lastKnownFileType = sourcecode.swift; path = TextViewController.swift; sourceTree = "<group>"; };
/* End PBXFileReference section */

/* Begin PBXFrameworksBuildPhase section */
		466C72DD20D40E57003F8380 /* Frameworks */ = {
			isa = PBXFrameworksBuildPhase;
			buildActionMask = 2147483647;
			files = (
			);
			runOnlyForDeploymentPostprocessing = 0;
		};
		466C72F420D40E5A003F8380 /* Frameworks */ = {
			isa = PBXFrameworksBuildPhase;
			buildActionMask = 2147483647;
			files = (
			);
			runOnlyForDeploymentPostprocessing = 0;
		};
		466C72FF20D40E5A003F8380 /* Frameworks */ = {
			isa = PBXFrameworksBuildPhase;
			buildActionMask = 2147483647;
			files = (
			);
			runOnlyForDeploymentPostprocessing = 0;
		};
/* End PBXFrameworksBuildPhase section */

/* Begin PBXGroup section */
		466C72D720D40E57003F8380 = {
			isa = PBXGroup;
			children = (
				466C72E220D40E58003F8380 /* Documents */,
				466C72FA20D40E5A003F8380 /* DocumentsTests */,
				466C730520D40E5A003F8380 /* DocumentsUITests */,
				466C72E120D40E58003F8380 /* Products */,
			);
			sourceTree = "<group>";
		};
		466C72E120D40E58003F8380 /* Products */ = {
			isa = PBXGroup;
			children = (
				466C72E020D40E57003F8380 /* Documents.app */,
				466C72F720D40E5A003F8380 /* DocumentsTests.xctest */,
				466C730220D40E5A003F8380 /* DocumentsUITests.xctest */,
			);
			name = Products;
			sourceTree = "<group>";
		};
		466C72E220D40E58003F8380 /* Documents */ = {
			isa = PBXGroup;
			children = (
				466C731420D40F3B003F8380 /* DocumentViewController.swift */,
				466C731620D4113A003F8380 /* TextViewController.swift */,
				466C72E720D40E58003F8380 /* Main.storyboard */,
				466C72ED20D40E5A003F8380 /* Assets.xcassets */,
				466C72EF20D40E5A003F8380 /* LaunchScreen.storyboard */,
				466C72F220D40E5A003F8380 /* Info.plist */,
				466C72E320D40E58003F8380 /* AppDelegate.swift */,
				466C72EA20D40E58003F8380 /* Documents.xcdatamodeld */,
			);
			path = Documents;
			sourceTree = "<group>";
		};
		466C72FA20D40E5A003F8380 /* DocumentsTests */ = {
			isa = PBXGroup;
			children = (
				466C72FB20D40E5A003F8380 /* DocumentsTests.swift */,
				466C72FD20D40E5A003F8380 /* Info.plist */,
			);
			path = DocumentsTests;
			sourceTree = "<group>";
		};
		466C730520D40E5A003F8380 /* DocumentsUITests */ = {
			isa = PBXGroup;
			children = (
				466C730620D40E5A003F8380 /* DocumentsUITests.swift */,
				466C730820D40E5A003F8380 /* Info.plist */,
			);
			path = DocumentsUITests;
			sourceTree = "<group>";
		};
/* End PBXGroup section */

/* Begin PBXNativeTarget section */
		466C72DF20D40E57003F8380 /* Documents */ = {
			isa = PBXNativeTarget;
			buildConfigurationList = 466C730B20D40E5A003F8380 /* Build configuration list for PBXNativeTarget "Documents" */;
			buildPhases = (
				466C72DC20D40E57003F8380 /* Sources */,
				466C72DD20D40E57003F8380 /* Frameworks */,
				466C72DE20D40E57003F8380 /* Resources */,
			);
			buildRules = (
			);
			dependencies = (
			);
			name = Documents;
			productName = Documents;
			productReference = 466C72E020D40E57003F8380 /* Documents.app */;
			productType = "com.apple.product-type.application";
		};
		466C72F620D40E5A003F8380 /* DocumentsTests */ = {
			isa = PBXNativeTarget;
			buildConfigurationList = 466C730E20D40E5A003F8380 /* Build configuration list for PBXNativeTarget "DocumentsTests" */;
			buildPhases = (
				466C72F320D40E5A003F8380 /* Sources */,
				466C72F420D40E5A003F8380 /* Frameworks */,
				466C72F520D40E5A003F8380 /* Resources */,
			);
			buildRules = (
			);
			dependencies = (
				466C72F920D40E5A003F8380 /* PBXTargetDependency */,
			);
			name = DocumentsTests;
			productName = DocumentsTests;
			productReference = 466C72F720D40E5A003F8380 /* DocumentsTests.xctest */;
			productType = "com.apple.product-type.bundle.unit-test";
		};
		466C730120D40E5A003F8380 /* DocumentsUITests */ = {
			isa = PBXNativeTarget;
			buildConfigurationList = 466C731120D40E5A003F8380 /* Build configuration list for PBXNativeTarget "DocumentsUITests" */;
			buildPhases = (
				466C72FE20D40E5A003F8380 /* Sources */,
				466C72FF20D40E5A003F8380 /* Frameworks */,
				466C730020D40E5A003F8380 /* Resources */,
			);
			buildRules = (
			);
			dependencies = (
				466C730420D40E5A003F8380 /* PBXTargetDependency */,
			);
			name = DocumentsUITests;
			productName = DocumentsUITests;
			productReference = 466C730220D40E5A003F8380 /* DocumentsUITests.xctest */;
			productType = "com.apple.product-type.bundle.ui-testing";
		};
/* End PBXNativeTarget section */

/* Begin PBXProject section */
		466C72D820D40E57003F8380 /* Project object */ = {
			isa = PBXProject;
			attributes = {
				LastSwiftUpdateCheck = 0940;
				LastUpgradeCheck = 0940;
				ORGANIZATIONNAME = "Kevin Brennan";
				TargetAttributes = {
					466C72DF20D40E57003F8380 = {
						CreatedOnToolsVersion = 9.4.1;
					};
					466C72F620D40E5A003F8380 = {
						CreatedOnToolsVersion = 9.4.1;
						TestTargetID = 466C72DF20D40E57003F8380;
					};
					466C730120D40E5A003F8380 = {
						CreatedOnToolsVersion = 9.4.1;
						TestTargetID = 466C72DF20D40E57003F8380;
					};
				};
			};
			buildConfigurationList = 466C72DB20D40E57003F8380 /* Build configuration list for PBXProject "Documents" */;
			compatibilityVersion = "Xcode 9.3";
			developmentRegion = en;
			hasScannedForEncodings = 0;
			knownRegions = (
				en,
				Base,
			);
			mainGroup = 466C72D720D40E57003F8380;
			productRefGroup = 466C72E120D40E58003F8380 /* Products */;
			projectDirPath = "";
			projectRoot = "";
			targets = (
				466C72DF20D40E57003F8380 /* Documents */,
				466C72F620D40E5A003F8380 /* DocumentsTests */,
				466C730120D40E5A003F8380 /* DocumentsUITests */,
			);
		};
/* End PBXProject section */

/* Begin PBXResourcesBuildPhase section */
		466C72DE20D40E57003F8380 /* Resources */ = {
			isa = PBXResourcesBuildPhase;
			buildActionMask = 2147483647;
			files = (
				466C72F120D40E5A003F8380 /* LaunchScreen.storyboard in Resources */,
				466C72EE20D40E5A003F8380 /* Assets.xcassets in Resources */,
				466C72E920D40E58003F8380 /* Main.storyboard in Resources */,
			);
			runOnlyForDeploymentPostprocessing = 0;
		};
		466C72F520D40E5A003F8380 /* Resources */ = {
			isa = PBXResourcesBuildPhase;
			buildActionMask = 2147483647;
			files = (
			);
			runOnlyForDeploymentPostprocessing = 0;
		};
		466C730020D40E5A003F8380 /* Resources */ = {
			isa = PBXResourcesBuildPhase;
			buildActionMask = 2147483647;
			files = (
			);
			runOnlyForDeploymentPostprocessing = 0;
		};
/* End PBXResourcesBuildPhase section */

/* Begin PBXSourcesBuildPhase section */
		466C72DC20D40E57003F8380 /* Sources */ = {
			isa = PBXSourcesBuildPhase;
			buildActionMask = 2147483647;
			files = (
				466C731520D40F3B003F8380 /* DocumentViewController.swift in Sources */,
				466C72EC20D40E58003F8380 /* Documents.xcdatamodeld in Sources */,
				466C72E420D40E58003F8380 /* AppDelegate.swift in Sources */,
				466C731720D4113A003F8380 /* TextViewController.swift in Sources */,
			);
			runOnlyForDeploymentPostprocessing = 0;
		};
		466C72F320D40E5A003F8380 /* Sources */ = {
			isa = PBXSourcesBuildPhase;
			buildActionMask = 2147483647;
			files = (
				466C72FC20D40E5A003F8380 /* DocumentsTests.swift in Sources */,
			);
			runOnlyForDeploymentPostprocessing = 0;
		};
		466C72FE20D40E5A003F8380 /* Sources */ = {
			isa = PBXSourcesBuildPhase;
			buildActionMask = 2147483647;
			files = (
				466C730720D40E5A003F8380 /* DocumentsUITests.swift in Sources */,
			);
			runOnlyForDeploymentPostprocessing = 0;
		};
/* End PBXSourcesBuildPhase section */

/* Begin PBXTargetDependency section */
		466C72F920D40E5A003F8380 /* PBXTargetDependency */ = {
			isa = PBXTargetDependency;
			target = 466C72DF20D40E57003F8380 /* Documents */;
			targetProxy = 466C72F820D40E5A003F8380 /* PBXContainerItemProxy */;
		};
		466C730420D40E5A003F8380 /* PBXTargetDependency */ = {
			isa = PBXTargetDependency;
			target = 466C72DF20D40E57003F8380 /* Documents */;
			targetProxy = 466C730320D40E5A003F8380 /* PBXContainerItemProxy */;
		};
/* End PBXTargetDependency section */

/* Begin PBXVariantGroup section */
		466C72E720D40E58003F8380 /* Main.storyboard */ = {
			isa = PBXVariantGroup;
			children = (
				466C72E820D40E58003F8380 /* Base */,
			);
			name = Main.storyboard;
			sourceTree = "<group>";
		};
		466C72EF20D40E5A003F8380 /* LaunchScreen.storyboard */ = {
			isa = PBXVariantGroup;
			children = (
				466C72F020D40E5A003F8380 /* Base */,
			);
			name = LaunchScreen.storyboard;
			sourceTree = "<group>";
		};
/* End PBXVariantGroup section */

/* Begin XCBuildConfiguration section */
		466C730920D40E5A003F8380 /* Debug */ = {
			isa = XCBuildConfiguration;
			buildSettings = {
				ALWAYS_SEARCH_USER_PATHS = NO;
				CLANG_ANALYZER_NONNULL = YES;
				CLANG_ANALYZER_NUMBER_OBJECT_CONVERSION = YES_AGGRESSIVE;
				CLANG_CXX_LANGUAGE_STANDARD = "gnu++14";
				CLANG_CXX_LIBRARY = "libc++";
				CLANG_ENABLE_MODULES = YES;
				CLANG_ENABLE_OBJC_ARC = YES;
				CLANG_ENABLE_OBJC_WEAK = YES;
				CLANG_WARN_BLOCK_CAPTURE_AUTORELEASING = YES;
				CLANG_WARN_BOOL_CONVERSION = YES;
				CLANG_WARN_COMMA = YES;
				CLANG_WARN_CONSTANT_CONVERSION = YES;
				CLANG_WARN_DEPRECATED_OBJC_IMPLEMENTATIONS = YES;
				CLANG_WARN_DIRECT_OBJC_ISA_USAGE = YES_ERROR;
				CLANG_WARN_DOCUMENTATION_COMMENTS = YES;
				CLANG_WARN_EMPTY_BODY = YES;
				CLANG_WARN_ENUM_CONVERSION = YES;
				CLANG_WARN_INFINITE_RECURSION = YES;
				CLANG_WARN_INT_CONVERSION = YES;
				CLANG_WARN_NON_LITERAL_NULL_CONVERSION = YES;
				CLANG_WARN_OBJC_IMPLICIT_RETAIN_SELF = YES;
				CLANG_WARN_OBJC_LITERAL_CONVERSION = YES;
				CLANG_WARN_OBJC_ROOT_CLASS = YES_ERROR;
				CLANG_WARN_RANGE_LOOP_ANALYSIS = YES;
				CLANG_WARN_STRICT_PROTOTYPES = YES;
				CLANG_WARN_SUSPICIOUS_MOVE = YES;
				CLANG_WARN_UNGUARDED_AVAILABILITY = YES_AGGRESSIVE;
				CLANG_WARN_UNREACHABLE_CODE = YES;
				CLANG_WARN__DUPLICATE_METHOD_MATCH = YES;
				CODE_SIGN_IDENTITY = "iPhone Developer";
				COPY_PHASE_STRIP = NO;
				DEBUG_INFORMATION_FORMAT = dwarf;
				ENABLE_STRICT_OBJC_MSGSEND = YES;
				ENABLE_TESTABILITY = YES;
				GCC_C_LANGUAGE_STANDARD = gnu11;
				GCC_DYNAMIC_NO_PIC = NO;
				GCC_NO_COMMON_BLOCKS = YES;
				GCC_OPTIMIZATION_LEVEL = 0;
				GCC_PREPROCESSOR_DEFINITIONS = (
					"DEBUG=1",
					"$(inherited)",
				);
				GCC_WARN_64_TO_32_BIT_CONVERSION = YES;
				GCC_WARN_ABOUT_RETURN_TYPE = YES_ERROR;
				GCC_WARN_UNDECLARED_SELECTOR = YES;
				GCC_WARN_UNINITIALIZED_AUTOS = YES_AGGRESSIVE;
				GCC_WARN_UNUSED_FUNCTION = YES;
				GCC_WARN_UNUSED_VARIABLE = YES;
				IPHONEOS_DEPLOYMENT_TARGET = 11.4;
				MTL_ENABLE_DEBUG_INFO = YES;
				ONLY_ACTIVE_ARCH = YES;
				SDKROOT = iphoneos;
				SWIFT_ACTIVE_COMPILATION_CONDITIONS = DEBUG;
				SWIFT_OPTIMIZATION_LEVEL = "-Onone";
			};
			name = Debug;
		};
		466C730A20D40E5A003F8380 /* Release */ = {
			isa = XCBuildConfiguration;
			buildSettings = {
				ALWAYS_SEARCH_USER_PATHS = NO;
				CLANG_ANALYZER_NONNULL = YES;
				CLANG_ANALYZER_NUMBER_OBJECT_CONVERSION = YES_AGGRESSIVE;
				CLANG_CXX_LANGUAGE_STANDARD = "gnu++14";
				CLANG_CXX_LIBRARY = "libc++";
				CLANG_ENABLE_MODULES = YES;
				CLANG_ENABLE_OBJC_ARC = YES;
				CLANG_ENABLE_OBJC_WEAK = YES;
				CLANG_WARN_BLOCK_CAPTURE_AUTORELEASING = YES;
				CLANG_WARN_BOOL_CONVERSION = YES;
				CLANG_WARN_COMMA = YES;
				CLANG_WARN_CONSTANT_CONVERSION = YES;
				CLANG_WARN_DEPRECATED_OBJC_IMPLEMENTATIONS = YES;
				CLANG_WARN_DIRECT_OBJC_ISA_USAGE = YES_ERROR;
				CLANG_WARN_DOCUMENTATION_COMMENTS = YES;
				CLANG_WARN_EMPTY_BODY = YES;
				CLANG_WARN_ENUM_CONVERSION = YES;
				CLANG_WARN_INFINITE_RECURSION = YES;
				CLANG_WARN_INT_CONVERSION = YES;
				CLANG_WARN_NON_LITERAL_NULL_CONVERSION = YES;
				CLANG_WARN_OBJC_IMPLICIT_RETAIN_SELF = YES;
				CLANG_WARN_OBJC_LITERAL_CONVERSION = YES;
				CLANG_WARN_OBJC_ROOT_CLASS = YES_ERROR;
				CLANG_WARN_RANGE_LOOP_ANALYSIS = YES;
				CLANG_WARN_STRICT_PROTOTYPES = YES;
				CLANG_WARN_SUSPICIOUS_MOVE = YES;
				CLANG_WARN_UNGUARDED_AVAILABILITY = YES_AGGRESSIVE;
				CLANG_WARN_UNREACHABLE_CODE = YES;
				CLANG_WARN__DUPLICATE_METHOD_MATCH = YES;
				CODE_SIGN_IDENTITY = "iPhone Developer";
				COPY_PHASE_STRIP = NO;
				DEBUG_INFORMATION_FORMAT = "dwarf-with-dsym";
				ENABLE_NS_ASSERTIONS = NO;
				ENABLE_STRICT_OBJC_MSGSEND = YES;
				GCC_C_LANGUAGE_STANDARD = gnu11;
				GCC_NO_COMMON_BLOCKS = YES;
				GCC_WARN_64_TO_32_BIT_CONVERSION = YES;
				GCC_WARN_ABOUT_RETURN_TYPE = YES_ERROR;
				GCC_WARN_UNDECLARED_SELECTOR = YES;
				GCC_WARN_UNINITIALIZED_AUTOS = YES_AGGRESSIVE;
				GCC_WARN_UNUSED_FUNCTION = YES;
				GCC_WARN_UNUSED_VARIABLE = YES;
				IPHONEOS_DEPLOYMENT_TARGET = 11.4;
				MTL_ENABLE_DEBUG_INFO = NO;
				SDKROOT = iphoneos;
				SWIFT_COMPILATION_MODE = wholemodule;
				SWIFT_OPTIMIZATION_LEVEL = "-O";
				VALIDATE_PRODUCT = YES;
			};
			name = Release;
		};
		466C730C20D40E5A003F8380 /* Debug */ = {
			isa = XCBuildConfiguration;
			buildSettings = {
				ASSETCATALOG_COMPILER_APPICON_NAME = AppIcon;
				CODE_SIGN_STYLE = Automatic;
				DEVELOPMENT_TEAM = 4C5L5G6LFA;
				INFOPLIST_FILE = Documents/Info.plist;
				LD_RUNPATH_SEARCH_PATHS = (
					"$(inherited)",
					"@executable_path/Frameworks",
				);
				PRODUCT_BUNDLE_IDENTIFIER = online.techinnovator.Documents;
				PRODUCT_NAME = "$(TARGET_NAME)";
				SWIFT_VERSION = 4.0;
				TARGETED_DEVICE_FAMILY = "1,2";
			};
			name = Debug;
		};
		466C730D20D40E5A003F8380 /* Release */ = {
			isa = XCBuildConfiguration;
			buildSettings = {
				ASSETCATALOG_COMPILER_APPICON_NAME = AppIcon;
				CODE_SIGN_STYLE = Automatic;
				DEVELOPMENT_TEAM = 4C5L5G6LFA;
				INFOPLIST_FILE = Documents/Info.plist;
				LD_RUNPATH_SEARCH_PATHS = (
					"$(inherited)",
					"@executable_path/Frameworks",
				);
				PRODUCT_BUNDLE_IDENTIFIER = online.techinnovator.Documents;
				PRODUCT_NAME = "$(TARGET_NAME)";
				SWIFT_VERSION = 4.0;
				TARGETED_DEVICE_FAMILY = "1,2";
			};
			name = Release;
		};
		466C730F20D40E5A003F8380 /* Debug */ = {
			isa = XCBuildConfiguration;
			buildSettings = {
				ALWAYS_EMBED_SWIFT_STANDARD_LIBRARIES = YES;
				BUNDLE_LOADER = "$(TEST_HOST)";
				CODE_SIGN_STYLE = Automatic;
				DEVELOPMENT_TEAM = 4C5L5G6LFA;
				INFOPLIST_FILE = DocumentsTests/Info.plist;
				LD_RUNPATH_SEARCH_PATHS = (
					"$(inherited)",
					"@executable_path/Frameworks",
					"@loader_path/Frameworks",
				);
				PRODUCT_BUNDLE_IDENTIFIER = online.techinnovator.DocumentsTests;
				PRODUCT_NAME = "$(TARGET_NAME)";
				SWIFT_VERSION = 4.0;
				TARGETED_DEVICE_FAMILY = "1,2";
				TEST_HOST = "$(BUILT_PRODUCTS_DIR)/Documents.app/Documents";
			};
			name = Debug;
		};
		466C731020D40E5A003F8380 /* Release */ = {
			isa = XCBuildConfiguration;
			buildSettings = {
				ALWAYS_EMBED_SWIFT_STANDARD_LIBRARIES = YES;
				BUNDLE_LOADER = "$(TEST_HOST)";
				CODE_SIGN_STYLE = Automatic;
				DEVELOPMENT_TEAM = 4C5L5G6LFA;
				INFOPLIST_FILE = DocumentsTests/Info.plist;
				LD_RUNPATH_SEARCH_PATHS = (
					"$(inherited)",
					"@executable_path/Frameworks",
					"@loader_path/Frameworks",
				);
				PRODUCT_BUNDLE_IDENTIFIER = online.techinnovator.DocumentsTests;
				PRODUCT_NAME = "$(TARGET_NAME)";
				SWIFT_VERSION = 4.0;
				TARGETED_DEVICE_FAMILY = "1,2";
				TEST_HOST = "$(BUILT_PRODUCTS_DIR)/Documents.app/Documents";
			};
			name = Release;
		};
		466C731220D40E5A003F8380 /* Debug */ = {
			isa = XCBuildConfiguration;
			buildSettings = {
				ALWAYS_EMBED_SWIFT_STANDARD_LIBRARIES = YES;
				CODE_SIGN_STYLE = Automatic;
				DEVELOPMENT_TEAM = 4C5L5G6LFA;
				INFOPLIST_FILE = DocumentsUITests/Info.plist;
				LD_RUNPATH_SEARCH_PATHS = (
					"$(inherited)",
					"@executable_path/Frameworks",
					"@loader_path/Frameworks",
				);
				PRODUCT_BUNDLE_IDENTIFIER = online.techinnovator.DocumentsUITests;
				PRODUCT_NAME = "$(TARGET_NAME)";
				SWIFT_VERSION = 4.0;
				TARGETED_DEVICE_FAMILY = "1,2";
				TEST_TARGET_NAME = Documents;
			};
			name = Debug;
		};
		466C731320D40E5A003F8380 /* Release */ = {
			isa = XCBuildConfiguration;
			buildSettings = {
				ALWAYS_EMBED_SWIFT_STANDARD_LIBRARIES = YES;
				CODE_SIGN_STYLE = Automatic;
				DEVELOPMENT_TEAM = 4C5L5G6LFA;
				INFOPLIST_FILE = DocumentsUITests/Info.plist;
				LD_RUNPATH_SEARCH_PATHS = (
					"$(inherited)",
					"@executable_path/Frameworks",
					"@loader_path/Frameworks",
				);
				PRODUCT_BUNDLE_IDENTIFIER = online.techinnovator.DocumentsUITests;
				PRODUCT_NAME = "$(TARGET_NAME)";
				SWIFT_VERSION = 4.0;
				TARGETED_DEVICE_FAMILY = "1,2";
				TEST_TARGET_NAME = Documents;
			};
			name = Release;
		};
/* End XCBuildConfiguration section */

/* Begin XCConfigurationList section */
		466C72DB20D40E57003F8380 /* Build configuration list for PBXProject "Documents" */ = {
			isa = XCConfigurationList;
			buildConfigurations = (
				466C730920D40E5A003F8380 /* Debug */,
				466C730A20D40E5A003F8380 /* Release */,
			);
			defaultConfigurationIsVisible = 0;
			defaultConfigurationName = Release;
		};
		466C730B20D40E5A003F8380 /* Build configuration list for PBXNativeTarget "Documents" */ = {
			isa = XCConfigurationList;
			buildConfigurations = (
				466C730C20D40E5A003F8380 /* Debug */,
				466C730D20D40E5A003F8380 /* Release */,
			);
			defaultConfigurationIsVisible = 0;
			defaultConfigurationName = Release;
		};
		466C730E20D40E5A003F8380 /* Build configuration list for PBXNativeTarget "DocumentsTests" */ = {
			isa = XCConfigurationList;
			buildConfigurations = (
				466C730F20D40E5A003F8380 /* Debug */,
				466C731020D40E5A003F8380 /* Release */,
			);
			defaultConfigurationIsVisible = 0;
			defaultConfigurationName = Release;
		};
		466C731120D40E5A003F8380 /* Build configuration list for PBXNativeTarget "DocumentsUITests" */ = {
			isa = XCConfigurationList;
			buildConfigurations = (
				466C731220D40E5A003F8380 /* Debug */,
				466C731320D40E5A003F8380 /* Release */,
			);
			defaultConfigurationIsVisible = 0;
			defaultConfigurationName = Release;
		};
/* End XCConfigurationList section */

/* Begin XCVersionGroup section */
		466C72EA20D40E58003F8380 /* Documents.xcdatamodeld */ = {
			isa = XCVersionGroup;
			children = (
				466C72EB20D40E58003F8380 /* Documents.xcdatamodel */,
			);
			currentVersion = 466C72EB20D40E58003F8380 /* Documents.xcdatamodel */;
			path = Documents.xcdatamodeld;
			sourceTree = "<group>";
			versionGroupType = wrapper.xcdatamodel;
		};
/* End XCVersionGroup section */
	};
	rootObject = 466C72D820D40E57003F8380 /* Project object */;
}
